
Microsoft Visual Studio Solution File, Format Version 12.00
# Visual Studio Version 17
VisualStudioVersion = 17.6.33723.286
MinimumVisualStudioVersion = 10.0.40219.1
Project("{FAE04EC0-301F-11D3-BF4B-00C04F79EFBC}") = "RemoteHub", "RemoteHub\RemoteHub.csproj", "{9AFE2D3D-1AFB-4ABE-9494-D68540717500}"
EndProject
Global
	GlobalSection(SolutionConfigurationPlatforms) = preSolution
		Debug|Any CPU = Debug|Any CPU
		Release|Any CPU = Release|Any CPU
	EndGlobalSection
	GlobalSection(ProjectConfigurationPlatforms) = postSolution
		{9AFE2D3D-1AFB-4ABE-9494-D68540717500}.Debug|Any CPU.ActiveCfg = Debug|Any CPU
		{9AFE2D3D-1AFB-4ABE-9494-D68540717500}.Debug|Any CPU.Build.0 = Debug|Any CPU
		{9AFE2D3D-1AFB-4ABE-9494-D68540717500}.Release|Any CPU.ActiveCfg = Release|Any CPU
		{9AFE2D3D-1AFB-4ABE-9494-D68540717500}.Release|Any CPU.Build.0 = Release|Any CPU
	EndGlobalSection
	GlobalSection(SolutionProperties) = preSolution
		HideSolutionNode = FALSE
	EndGlobalSection
	GlobalSection(ExtensibilityGlobals) = postSolution
		SolutionGuid = {B8C40A80-2FD9-4F05-BDD0-2EB0F2F9102E}
	EndGlobalSection
EndGlobal
